
Microsoft Visual Studio Solution File, Format Version 12.00
# Visual Studio Version 17
VisualStudioVersion = 17.4.33213.308
MinimumVisualStudioVersion = 10.0.40219.1
Project("{9A19103F-16F7-4668-BE54-9A1E7A4F7556}") = "WarBusinessLogic", "War\WarBusinessLogic.csproj", "{63ED8A8C-CD31-4F8F-BC95-B18F60AEFA2E}"
EndProject
Project("{9A19103F-16F7-4668-BE54-9A1E7A4F7556}") = "WarUI", "WarUI\WarUI.csproj", "{031F311C-CD22-40C6-AED1-B893874B5C57}"
EndProject
Project("{2150E333-8FDC-42A3-9474-1A3956D46DE8}") = "Solution Items", "Solution Items", "{3DA31FDA-408E-4760-91D1-62D197448EB9}"
	ProjectSection(SolutionItems) = preProject
		.editorconfig = .editorconfig
	EndProjectSection
EndProject
Project("{FAE04EC0-301F-11D3-BF4B-00C04F79EFBC}") = "WarDataAccess", "WarDataAccess\WarDataAccess.csproj", "{DDBCA002-9734-45BB-A9E3-9102054C885D}"
EndProject
Global
	GlobalSection(SolutionConfigurationPlatforms) = preSolution
		Debug|Any CPU = Debug|Any CPU
		Release|Any CPU = Release|Any CPU
	EndGlobalSection
	GlobalSection(ProjectConfigurationPlatforms) = postSolution
		{63ED8A8C-CD31-4F8F-BC95-B18F60AEFA2E}.Debug|Any CPU.ActiveCfg = Debug|Any CPU
		{63ED8A8C-CD31-4F8F-BC95-B18F60AEFA2E}.Debug|Any CPU.Build.0 = Debug|Any CPU
		{63ED8A8C-CD31-4F8F-BC95-B18F60AEFA2E}.Release|Any CPU.ActiveCfg = Release|Any CPU
		{63ED8A8C-CD31-4F8F-BC95-B18F60AEFA2E}.Release|Any CPU.Build.0 = Release|Any CPU
		{031F311C-CD22-40C6-AED1-B893874B5C57}.Debug|Any CPU.ActiveCfg = Debug|Any CPU
		{031F311C-CD22-40C6-AED1-B893874B5C57}.Debug|Any CPU.Build.0 = Debug|Any CPU
		{031F311C-CD22-40C6-AED1-B893874B5C57}.Release|Any CPU.ActiveCfg = Release|Any CPU
		{031F311C-CD22-40C6-AED1-B893874B5C57}.Release|Any CPU.Build.0 = Release|Any CPU
		{DDBCA002-9734-45BB-A9E3-9102054C885D}.Debug|Any CPU.ActiveCfg = Debug|Any CPU
		{DDBCA002-9734-45BB-A9E3-9102054C885D}.Debug|Any CPU.Build.0 = Debug|Any CPU
		{DDBCA002-9734-45BB-A9E3-9102054C885D}.Release|Any CPU.ActiveCfg = Release|Any CPU
		{DDBCA002-9734-45BB-A9E3-9102054C885D}.Release|Any CPU.Build.0 = Release|Any CPU
	EndGlobalSection
	GlobalSection(SolutionProperties) = preSolution
		HideSolutionNode = FALSE
	EndGlobalSection
	GlobalSection(ExtensibilityGlobals) = postSolution
		SolutionGuid = {A4241059-7D48-48C2-A125-483F1DA35202}
	EndGlobalSection
EndGlobal
